
Microsoft Visual Studio Solution File, Format Version 12.00
# Visual Studio Version 17
VisualStudioVersion = 17.4.33122.133
MinimumVisualStudioVersion = 10.0.40219.1
Project("{FAE04EC0-301F-11D3-BF4B-00C04F79EFBC}") = "CPEjercicio07_Judith", "CPEjercicio07_Judith\CPEjercicio07_Judith.csproj", "{B1EC4128-043B-47B8-846A-6EEE2F425B7C}"
EndProject
Global
	GlobalSection(SolutionConfigurationPlatforms) = preSolution
		Debug|Any CPU = Debug|Any CPU
		Release|Any CPU = Release|Any CPU
	EndGlobalSection
	GlobalSection(ProjectConfigurationPlatforms) = postSolution
		{B1EC4128-043B-47B8-846A-6EEE2F425B7C}.Debug|Any CPU.ActiveCfg = Debug|Any CPU
		{B1EC4128-043B-47B8-846A-6EEE2F425B7C}.Debug|Any CPU.Build.0 = Debug|Any CPU
		{B1EC4128-043B-47B8-846A-6EEE2F425B7C}.Release|Any CPU.ActiveCfg = Release|Any CPU
		{B1EC4128-043B-47B8-846A-6EEE2F425B7C}.Release|Any CPU.Build.0 = Release|Any CPU
	EndGlobalSection
	GlobalSection(SolutionProperties) = preSolution
		HideSolutionNode = FALSE
	EndGlobalSection
	GlobalSection(ExtensibilityGlobals) = postSolution
		SolutionGuid = {A1E3B4C0-8C48-49C1-B84C-102929787FB7}
	EndGlobalSection
EndGlobal
